
Microsoft Visual Studio Solution File, Format Version 12.00
# Visual Studio Version 17
VisualStudioVersion = 17.0.32112.339
MinimumVisualStudioVersion = 10.0.40219.1
Project("{FAE04EC0-301F-11D3-BF4B-00C04F79EFBC}") = "WordLadderConsole", "WordLadderConsole\WordLadderConsole.csproj", "{1BD41247-BFB2-44C4-8656-D858A238CF00}"
EndProject
Project("{FAE04EC0-301F-11D3-BF4B-00C04F79EFBC}") = "WordLadderLibrary", "WordLadderLibrary\WordLadderLibrary.csproj", "{7D04AD1D-3500-4536-BEB6-6DD49BE511BE}"
EndProject
Global
	GlobalSection(SolutionConfigurationPlatforms) = preSolution
		Debug|Any CPU = Debug|Any CPU
		Release|Any CPU = Release|Any CPU
	EndGlobalSection
	GlobalSection(ProjectConfigurationPlatforms) = postSolution
		{1BD41247-BFB2-44C4-8656-D858A238CF00}.Debug|Any CPU.ActiveCfg = Debug|Any CPU
		{1BD41247-BFB2-44C4-8656-D858A238CF00}.Debug|Any CPU.Build.0 = Debug|Any CPU
		{1BD41247-BFB2-44C4-8656-D858A238CF00}.Release|Any CPU.ActiveCfg = Release|Any CPU
		{1BD41247-BFB2-44C4-8656-D858A238CF00}.Release|Any CPU.Build.0 = Release|Any CPU
		{7D04AD1D-3500-4536-BEB6-6DD49BE511BE}.Debug|Any CPU.ActiveCfg = Debug|Any CPU
		{7D04AD1D-3500-4536-BEB6-6DD49BE511BE}.Debug|Any CPU.Build.0 = Debug|Any CPU
		{7D04AD1D-3500-4536-BEB6-6DD49BE511BE}.Release|Any CPU.ActiveCfg = Release|Any CPU
		{7D04AD1D-3500-4536-BEB6-6DD49BE511BE}.Release|Any CPU.Build.0 = Release|Any CPU
	EndGlobalSection
	GlobalSection(SolutionProperties) = preSolution
		HideSolutionNode = FALSE
	EndGlobalSection
	GlobalSection(ExtensibilityGlobals) = postSolution
		SolutionGuid = {076346F4-1BBE-4EA7-9BD0-25B240BD14A0}
	EndGlobalSection
EndGlobal
